
Microsoft Visual Studio Solution File, Format Version 12.00
# Visual Studio Version 16
VisualStudioVersion = 16.0.31624.102
MinimumVisualStudioVersion = 10.0.40219.1
Project("{888888A0-9F3D-457C-B088-3A5042F75D52}") = "Milestones", "Milestones.pyproj", "{34569441-16B8-4E15-8D92-6DB94DA0C3A0}"
EndProject
Global
	GlobalSection(SolutionConfigurationPlatforms) = preSolution
		Debug|Any CPU = Debug|Any CPU
		Release|Any CPU = Release|Any CPU
	EndGlobalSection
	GlobalSection(ProjectConfigurationPlatforms) = postSolution
		{34569441-16B8-4E15-8D92-6DB94DA0C3A0}.Debug|Any CPU.ActiveCfg = Debug|Any CPU
		{34569441-16B8-4E15-8D92-6DB94DA0C3A0}.Release|Any CPU.ActiveCfg = Release|Any CPU
	EndGlobalSection
	GlobalSection(SolutionProperties) = preSolution
		HideSolutionNode = FALSE
	EndGlobalSection
	GlobalSection(ExtensibilityGlobals) = postSolution
		SolutionGuid = {4ABCD42A-CA18-4C5B-95D0-E356FABCF948}
	EndGlobalSection
EndGlobal
